# This file is automatically @generated by Cargo.
# It is not intended for manual editing.
version = 4

[[package]]
name = "dock_rs"
version = "0.1.0"
dependencies = [
 "freertos-rust",
]

[[package]]
name = "freertos-rust"
version = "0.2.0"
source = "registry+https://github.com/rust-lang/crates.io-index"
checksum = "f90a861f7b78d67e959bd2a083f6154935859d67d6f8430fffb82545bbc82f4a"
